{
  "lockfileVersion": 1,
  "configVersion": 1,
  "workspaces": {
    "": {
      "dependencies": {
        "@types/lodash": "^4.17.24",
        "lodash": "^4.18.1",
        "prettier": "^3.9.6",
      },
    },
  },
  "packages": {
    "@types/lodash": ["@types/lodash@4.17.24", "http://10.0.0.129:4000/npm/@types/lodash/-/lodash-4.17.24.tgz", {}, "sha512-gIW7lQLZbue7lRSWEFql49QJJWThrTFFeIMJdp3eH4tKoxm1OvEPg02rm4wCCSHS0cL3/Fizimb35b7k8atwsQ=="],

    "lodash": ["lodash@4.18.1", "http://10.0.0.129:4000/npm/lodash/-/lodash-4.18.1.tgz", {}, "sha512-dMInicTPVE8d1e5otfwmmjlxkZoUpiVLwyeTdUsi/Caj/gfzzblBcCE5sRHV/AsjuCmxWrte2TNGSYuCeCq+0Q=="],

    "prettier": ["prettier@3.9.6", "http://10.0.0.129:4000/npm/prettier/-/prettier-3.9.6.tgz", { "bin": { "prettier": "bin/prettier.cjs" } }, "sha512-OpN0zzVdiaiAhxpuuj5efpIS4sY9j7bY6uR5mnj5yPzGkdkjNKSJeUThPb60Jw29QuAZgA4o+/iB49kFiaBX6g=="],
  }
}
